
Microsoft Visual Studio Solution File, Format Version 12.00
# Visual Studio Version 17
VisualStudioVersion = 17.14.36429.23
MinimumVisualStudioVersion = 10.0.40219.1
Project("{FAE04EC0-301F-11D3-BF4B-00C04F79EFBC}") = "cinema", "cinema.csproj", "{F163F383-5844-4865-A9A6-18942467C092}"
EndProject
Project("{FAE04EC0-301F-11D3-BF4B-00C04F79EFBC}") = "Cinema.AuthorizationTests", "Cinema.AuthorizationTests\Cinema.AuthorizationTests.csproj", "{5540C10C-2452-4D99-A313-7214C2B8E44A}"
EndProject
Project("{FAE04EC0-301F-11D3-BF4B-00C04F79EFBC}") = "Cinema.RegistrationTest", "Cinema.RegistrationTest\Cinema.RegistrationTest.csproj", "{C78CAE7A-E7DA-49D3-A888-31C15E784567}"
EndProject
Global
	GlobalSection(SolutionConfigurationPlatforms) = preSolution
		Debug|Any CPU = Debug|Any CPU
		Release|Any CPU = Release|Any CPU
	EndGlobalSection
	GlobalSection(ProjectConfigurationPlatforms) = postSolution
		{F163F383-5844-4865-A9A6-18942467C092}.Debug|Any CPU.ActiveCfg = Debug|Any CPU
		{F163F383-5844-4865-A9A6-18942467C092}.Debug|Any CPU.Build.0 = Debug|Any CPU
		{F163F383-5844-4865-A9A6-18942467C092}.Release|Any CPU.ActiveCfg = Release|Any CPU
		{F163F383-5844-4865-A9A6-18942467C092}.Release|Any CPU.Build.0 = Release|Any CPU
		{5540C10C-2452-4D99-A313-7214C2B8E44A}.Debug|Any CPU.ActiveCfg = Debug|Any CPU
		{5540C10C-2452-4D99-A313-7214C2B8E44A}.Debug|Any CPU.Build.0 = Debug|Any CPU
		{5540C10C-2452-4D99-A313-7214C2B8E44A}.Release|Any CPU.ActiveCfg = Release|Any CPU
		{5540C10C-2452-4D99-A313-7214C2B8E44A}.Release|Any CPU.Build.0 = Release|Any CPU
		{C78CAE7A-E7DA-49D3-A888-31C15E784567}.Debug|Any CPU.ActiveCfg = Debug|Any CPU
		{C78CAE7A-E7DA-49D3-A888-31C15E784567}.Debug|Any CPU.Build.0 = Debug|Any CPU
		{C78CAE7A-E7DA-49D3-A888-31C15E784567}.Release|Any CPU.ActiveCfg = Release|Any CPU
		{C78CAE7A-E7DA-49D3-A888-31C15E784567}.Release|Any CPU.Build.0 = Release|Any CPU
	EndGlobalSection
	GlobalSection(SolutionProperties) = preSolution
		HideSolutionNode = FALSE
	EndGlobalSection
	GlobalSection(ExtensibilityGlobals) = postSolution
		SolutionGuid = {1D406EA2-E33B-4DDC-A638-9BC3B2014EB1}
	EndGlobalSection
EndGlobal
